// !$*UTF8*$!
{
	archiveVersion = 1;
	classes = {
	};
	objectVersion = 51;
	objects = {

/* Begin PBXBuildFile section */
		37F02A6DA52DD83B18065A5D /* Pods_ApplePayBrainTree.framework in Frameworks */ = {isa = PBXBuildFile; fileRef = 236DF5F2EC8C4F8ADA46C3E0 /* Pods_ApplePayBrainTree.framework */; };
		6FF24D632629798900530CE6 /* AppDelegate.swift in Sources */ = {isa = PBXBuildFile; fileRef = 6FF24D622629798900530CE6 /* AppDelegate.swift */; };
		6FF24D652629798900530CE6 /* SceneDelegate.swift in Sources */ = {isa = PBXBuildFile; fileRef = 6FF24D642629798900530CE6 /* SceneDelegate.swift */; };
		6FF24D672629798900530CE6 /* ViewController.swift in Sources */ = {isa = PBXBuildFile; fileRef = 6FF24D662629798900530CE6 /* ViewController.swift */; };
		6FF24D6A2629798900530CE6 /* Main.storyboard in Resources */ = {isa = PBXBuildFile; fileRef = 6FF24D682629798900530CE6 /* Main.storyboard */; };
		6FF24D6C2629798B00530CE6 /* Assets.xcassets in Resources */ = {isa = PBXBuildFile; fileRef = 6FF24D6B2629798B00530CE6 /* Assets.xcassets */; };
		6FF24D6F2629798B00530CE6 /* LaunchScreen.storyboard in Resources */ = {isa = PBXBuildFile; fileRef = 6FF24D6D2629798B00530CE6 /* LaunchScreen.storyboard */; };
		6FF24D7E26297B5100530CE6 /* Constants.swift in Sources */ = {isa = PBXBuildFile; fileRef = 6FF24D7D26297B5100530CE6 /* Constants.swift */; };
/* End PBXBuildFile section */

/* Begin PBXFileReference section */
		1E6C6CE9C9AB1FB0E1DF1733 /* Pods-ApplePayBrainTree.release.xcconfig */ = {isa = PBXFileReference; includeInIndex = 1; lastKnownFileType = text.xcconfig; name = "Pods-ApplePayBrainTree.release.xcconfig"; path = "Target Support Files/Pods-ApplePayBrainTree/Pods-ApplePayBrainTree.release.xcconfig"; sourceTree = "<group>"; };
		236DF5F2EC8C4F8ADA46C3E0 /* Pods_ApplePayBrainTree.framework */ = {isa = PBXFileReference; explicitFileType = wrapper.framework; includeInIndex = 0; path = Pods_ApplePayBrainTree.framework; sourceTree = BUILT_PRODUCTS_DIR; };
		6FF24D5F2629798900530CE6 /* ApplePayBrainTree.app */ = {isa = PBXFileReference; explicitFileType = wrapper.application; includeInIndex = 0; path = ApplePayBrainTree.app; sourceTree = BUILT_PRODUCTS_DIR; };
		6FF24D622629798900530CE6 /* AppDelegate.swift */ = {isa = PBXFileReference; lastKnownFileType = sourcecode.swift; path = AppDelegate.swift; sourceTree = "<group>"; };
		6FF24D642629798900530CE6 /* SceneDelegate.swift */ = {isa = PBXFileReference; lastKnownFileType = sourcecode.swift; path = SceneDelegate.swift; sourceTree = "<group>"; };
		6FF24D662629798900530CE6 /* ViewController.swift */ = {isa = PBXFileReference; lastKnownFileType = sourcecode.swift; path = ViewController.swift; sourceTree = "<group>"; };
		6FF24D692629798900530CE6 /* Base */ = {isa = PBXFileReference; lastKnownFileType = file.storyboard; name = Base; path = Base.lproj/Main.storyboard; sourceTree = "<group>"; };
		6FF24D6B2629798B00530CE6 /* Assets.xcassets */ = {isa = PBXFileReference; lastKnownFileType = folder.assetcatalog; path = Assets.xcassets; sourceTree = "<group>"; };
		6FF24D6E2629798B00530CE6 /* Base */ = {isa = PBXFileReference; lastKnownFileType = file.storyboard; name = Base; path = Base.lproj/LaunchScreen.storyboard; sourceTree = "<group>"; };
		6FF24D702629798B00530CE6 /* Info.plist */ = {isa = PBXFileReference; lastKnownFileType = text.plist.xml; path = Info.plist; sourceTree = "<group>"; };
		6FF24D7D26297B5100530CE6 /* Constants.swift */ = {isa = PBXFileReference; lastKnownFileType = sourcecode.swift; path = Constants.swift; sourceTree = "<group>"; };
		6FF24D8926297E8300530CE6 /* ApplePayTest.entitlements */ = {isa = PBXFileReference; lastKnownFileType = text.plist.entitlements; path = ApplePayTest.entitlements; sourceTree = "<group>"; };
		B1F9774F66AD2B1130E9C715 /* Pods-ApplePayTest.debug.xcconfig */ = {isa = PBXFileReference; includeInIndex = 1; lastKnownFileType = text.xcconfig; name = "Pods-ApplePayTest.debug.xcconfig"; path = "Target Support Files/Pods-ApplePayTest/Pods-ApplePayTest.debug.xcconfig"; sourceTree = "<group>"; };
		C421DDA0D5051FFF9EB2606C /* Pods-ApplePayBrainTree.debug.xcconfig */ = {isa = PBXFileReference; includeInIndex = 1; lastKnownFileType = text.xcconfig; name = "Pods-ApplePayBrainTree.debug.xcconfig"; path = "Target Support Files/Pods-ApplePayBrainTree/Pods-ApplePayBrainTree.debug.xcconfig"; sourceTree = "<group>"; };
		D237CB796B481E3325ADC6F9 /* Pods-ApplePayTest.release.xcconfig */ = {isa = PBXFileReference; includeInIndex = 1; lastKnownFileType = text.xcconfig; name = "Pods-ApplePayTest.release.xcconfig"; path = "Target Support Files/Pods-ApplePayTest/Pods-ApplePayTest.release.xcconfig"; sourceTree = "<group>"; };
/* End PBXFileReference section */

/* Begin PBXFrameworksBuildPhase section */
		6FF24D5C2629798900530CE6 /* Frameworks */ = {
			isa = PBXFrameworksBuildPhase;
			buildActionMask = 2147483647;
			files = (
				37F02A6DA52DD83B18065A5D /* Pods_ApplePayBrainTree.framework in Frameworks */,
			);
			runOnlyForDeploymentPostprocessing = 0;
		};
/* End PBXFrameworksBuildPhase section */

/* Begin PBXGroup section */
		05C8D378448377FA50777F1A /* Frameworks */ = {
			isa = PBXGroup;
			children = (
				236DF5F2EC8C4F8ADA46C3E0 /* Pods_ApplePayBrainTree.framework */,
			);
			name = Frameworks;
			sourceTree = "<group>";
		};
		6FF24D562629798900530CE6 = {
			isa = PBXGroup;
			children = (
				6FF24D612629798900530CE6 /* ApplePayTest */,
				6FF24D602629798900530CE6 /* Products */,
				8ECEB352F3F948DE32E12769 /* Pods */,
				05C8D378448377FA50777F1A /* Frameworks */,
			);
			sourceTree = "<group>";
		};
		6FF24D602629798900530CE6 /* Products */ = {
			isa = PBXGroup;
			children = (
				6FF24D5F2629798900530CE6 /* ApplePayBrainTree.app */,
			);
			name = Products;
			sourceTree = "<group>";
		};
		6FF24D612629798900530CE6 /* ApplePayTest */ = {
			isa = PBXGroup;
			children = (
				6FF24D8926297E8300530CE6 /* ApplePayTest.entitlements */,
				6FF24D622629798900530CE6 /* AppDelegate.swift */,
				6FF24D642629798900530CE6 /* SceneDelegate.swift */,
				6FF24D662629798900530CE6 /* ViewController.swift */,
				6FF24D682629798900530CE6 /* Main.storyboard */,
				6FF24D6B2629798B00530CE6 /* Assets.xcassets */,
				6FF24D6D2629798B00530CE6 /* LaunchScreen.storyboard */,
				6FF24D702629798B00530CE6 /* Info.plist */,
				6FF24D7D26297B5100530CE6 /* Constants.swift */,
			);
			path = ApplePayTest;
			sourceTree = "<group>";
		};
		8ECEB352F3F948DE32E12769 /* Pods */ = {
			isa = PBXGroup;
			children = (
				B1F9774F66AD2B1130E9C715 /* Pods-ApplePayTest.debug.xcconfig */,
				D237CB796B481E3325ADC6F9 /* Pods-ApplePayTest.release.xcconfig */,
				C421DDA0D5051FFF9EB2606C /* Pods-ApplePayBrainTree.debug.xcconfig */,
				1E6C6CE9C9AB1FB0E1DF1733 /* Pods-ApplePayBrainTree.release.xcconfig */,
			);
			path = Pods;
			sourceTree = "<group>";
		};
/* End PBXGroup section */

/* Begin PBXNativeTarget section */
		6FF24D5E2629798900530CE6 /* ApplePayBrainTree */ = {
			isa = PBXNativeTarget;
			buildConfigurationList = 6FF24D732629798B00530CE6 /* Build configuration list for PBXNativeTarget "ApplePayBrainTree" */;
			buildPhases = (
				E7477E5CBF9C5F98FD2195AF /* [CP] Check Pods Manifest.lock */,
				6FF24D5B2629798900530CE6 /* Sources */,
				6FF24D5C2629798900530CE6 /* Frameworks */,
				6FF24D5D2629798900530CE6 /* Resources */,
				705DC061725AB894F28B83C9 /* [CP] Embed Pods Frameworks */,
			);
			buildRules = (
			);
			dependencies = (
			);
			name = ApplePayBrainTree;
			productName = ApplePayTest;
			productReference = 6FF24D5F2629798900530CE6 /* ApplePayBrainTree.app */;
			productType = "com.apple.product-type.application";
		};
/* End PBXNativeTarget section */

/* Begin PBXProject section */
		6FF24D572629798900530CE6 /* Project object */ = {
			isa = PBXProject;
			attributes = {
				LastSwiftUpdateCheck = 1240;
				LastUpgradeCheck = 1240;
				TargetAttributes = {
					6FF24D5E2629798900530CE6 = {
						CreatedOnToolsVersion = 12.4;
					};
				};
			};
			buildConfigurationList = 6FF24D5A2629798900530CE6 /* Build configuration list for PBXProject "ApplePayBrainTree" */;
			compatibilityVersion = "Xcode 9.3";
			developmentRegion = en;
			hasScannedForEncodings = 0;
			knownRegions = (
				en,
				Base,
			);
			mainGroup = 6FF24D562629798900530CE6;
			productRefGroup = 6FF24D602629798900530CE6 /* Products */;
			projectDirPath = "";
			projectRoot = "";
			targets = (
				6FF24D5E2629798900530CE6 /* ApplePayBrainTree */,
			);
		};
/* End PBXProject section */

/* Begin PBXResourcesBuildPhase section */
		6FF24D5D2629798900530CE6 /* Resources */ = {
			isa = PBXResourcesBuildPhase;
			buildActionMask = 2147483647;
			files = (
				6FF24D6F2629798B00530CE6 /* LaunchScreen.storyboard in Resources */,
				6FF24D6C2629798B00530CE6 /* Assets.xcassets in Resources */,
				6FF24D6A2629798900530CE6 /* Main.storyboard in Resources */,
			);
			runOnlyForDeploymentPostprocessing = 0;
		};
/* End PBXResourcesBuildPhase section */

/* Begin PBXShellScriptBuildPhase section */
		705DC061725AB894F28B83C9 /* [CP] Embed Pods Frameworks */ = {
			isa = PBXShellScriptBuildPhase;
			buildActionMask = 2147483647;
			files = (
			);
			inputFileListPaths = (
				"${PODS_ROOT}/Target Support Files/Pods-ApplePayBrainTree/Pods-ApplePayBrainTree-frameworks-${CONFIGURATION}-input-files.xcfilelist",
			);
			name = "[CP] Embed Pods Frameworks";
			outputFileListPaths = (
				"${PODS_ROOT}/Target Support Files/Pods-ApplePayBrainTree/Pods-ApplePayBrainTree-frameworks-${CONFIGURATION}-output-files.xcfilelist",
			);
			runOnlyForDeploymentPostprocessing = 0;
			shellPath = /bin/sh;
			shellScript = "\"${PODS_ROOT}/Target Support Files/Pods-ApplePayBrainTree/Pods-ApplePayBrainTree-frameworks.sh\"\n";
			showEnvVarsInLog = 0;
		};
		E7477E5CBF9C5F98FD2195AF /* [CP] Check Pods Manifest.lock */ = {
			isa = PBXShellScriptBuildPhase;
			buildActionMask = 2147483647;
			files = (
			);
			inputFileListPaths = (
			);
			inputPaths = (
				"${PODS_PODFILE_DIR_PATH}/Podfile.lock",
				"${PODS_ROOT}/Manifest.lock",
			);
			name = "[CP] Check Pods Manifest.lock";
			outputFileListPaths = (
			);
			outputPaths = (
				"$(DERIVED_FILE_DIR)/Pods-ApplePayBrainTree-checkManifestLockResult.txt",
			);
			runOnlyForDeploymentPostprocessing = 0;
			shellPath = /bin/sh;
			shellScript = "diff \"${PODS_PODFILE_DIR_PATH}/Podfile.lock\" \"${PODS_ROOT}/Manifest.lock\" > /dev/null\nif [ $? != 0 ] ; then\n    # print error to STDERR\n    echo \"error: The sandbox is not in sync with the Podfile.lock. Run 'pod install' or update your CocoaPods installation.\" >&2\n    exit 1\nfi\n# This output is used by Xcode 'outputs' to avoid re-running this script phase.\necho \"SUCCESS\" > \"${SCRIPT_OUTPUT_FILE_0}\"\n";
			showEnvVarsInLog = 0;
		};
/* End PBXShellScriptBuildPhase section */

/* Begin PBXSourcesBuildPhase section */
		6FF24D5B2629798900530CE6 /* Sources */ = {
			isa = PBXSourcesBuildPhase;
			buildActionMask = 2147483647;
			files = (
				6FF24D672629798900530CE6 /* ViewController.swift in Sources */,
				6FF24D632629798900530CE6 /* AppDelegate.swift in Sources */,
				6FF24D652629798900530CE6 /* SceneDelegate.swift in Sources */,
				6FF24D7E26297B5100530CE6 /* Constants.swift in Sources */,
			);
			runOnlyForDeploymentPostprocessing = 0;
		};
/* End PBXSourcesBuildPhase section */

/* Begin PBXVariantGroup section */
		6FF24D682629798900530CE6 /* Main.storyboard */ = {
			isa = PBXVariantGroup;
			children = (
				6FF24D692629798900530CE6 /* Base */,
			);
			name = Main.storyboard;
			sourceTree = "<group>";
		};
		6FF24D6D2629798B00530CE6 /* LaunchScreen.storyboard */ = {
			isa = PBXVariantGroup;
			children = (
				6FF24D6E2629798B00530CE6 /* Base */,
			);
			name = LaunchScreen.storyboard;
			sourceTree = "<group>";
		};
/* End PBXVariantGroup section */

/* Begin XCBuildConfiguration section */
		6FF24D712629798B00530CE6 /* Debug */ = {
			isa = XCBuildConfiguration;
			buildSettings = {
				ALWAYS_SEARCH_USER_PATHS = NO;
				CLANG_ANALYZER_NONNULL = YES;
				CLANG_ANALYZER_NUMBER_OBJECT_CONVERSION = YES_AGGRESSIVE;
				CLANG_CXX_LANGUAGE_STANDARD = "gnu++14";
				CLANG_CXX_LIBRARY = "libc++";
				CLANG_ENABLE_MODULES = YES;
				CLANG_ENABLE_OBJC_ARC = YES;
				CLANG_ENABLE_OBJC_WEAK = YES;
				CLANG_WARN_BLOCK_CAPTURE_AUTORELEASING = YES;
				CLANG_WARN_BOOL_CONVERSION = YES;
				CLANG_WARN_COMMA = YES;
				CLANG_WARN_CONSTANT_CONVERSION = YES;
				CLANG_WARN_DEPRECATED_OBJC_IMPLEMENTATIONS = YES;
				CLANG_WARN_DIRECT_OBJC_ISA_USAGE = YES_ERROR;
				CLANG_WARN_DOCUMENTATION_COMMENTS = YES;
				CLANG_WARN_EMPTY_BODY = YES;
				CLANG_WARN_ENUM_CONVERSION = YES;
				CLANG_WARN_INFINITE_RECURSION = YES;
				CLANG_WARN_INT_CONVERSION = YES;
				CLANG_WARN_NON_LITERAL_NULL_CONVERSION = YES;
				CLANG_WARN_OBJC_IMPLICIT_RETAIN_SELF = YES;
				CLANG_WARN_OBJC_LITERAL_CONVERSION = YES;
				CLANG_WARN_OBJC_ROOT_CLASS = YES_ERROR;
				CLANG_WARN_QUOTED_INCLUDE_IN_FRAMEWORK_HEADER = YES;
				CLANG_WARN_RANGE_LOOP_ANALYSIS = YES;
				CLANG_WARN_STRICT_PROTOTYPES = YES;
				CLANG_WARN_SUSPICIOUS_MOVE = YES;
				CLANG_WARN_UNGUARDED_AVAILABILITY = YES_AGGRESSIVE;
				CLANG_WARN_UNREACHABLE_CODE = YES;
				CLANG_WARN__DUPLICATE_METHOD_MATCH = YES;
				COPY_PHASE_STRIP = NO;
				DEBUG_INFORMATION_FORMAT = dwarf;
				ENABLE_STRICT_OBJC_MSGSEND = YES;
				ENABLE_TESTABILITY = YES;
				GCC_C_LANGUAGE_STANDARD = gnu11;
				GCC_DYNAMIC_NO_PIC = NO;
				GCC_NO_COMMON_BLOCKS = YES;
				GCC_OPTIMIZATION_LEVEL = 0;
				GCC_PREPROCESSOR_DEFINITIONS = (
					"DEBUG=1",
					"$(inherited)",
				);
				GCC_WARN_64_TO_32_BIT_CONVERSION = YES;
				GCC_WARN_ABOUT_RETURN_TYPE = YES_ERROR;
				GCC_WARN_UNDECLARED_SELECTOR = YES;
				GCC_WARN_UNINITIALIZED_AUTOS = YES_AGGRESSIVE;
				GCC_WARN_UNUSED_FUNCTION = YES;
				GCC_WARN_UNUSED_VARIABLE = YES;
				IPHONEOS_DEPLOYMENT_TARGET = 13.0;
				MTL_ENABLE_DEBUG_INFO = INCLUDE_SOURCE;
				MTL_FAST_MATH = YES;
				ONLY_ACTIVE_ARCH = YES;
				SDKROOT = iphoneos;
				SWIFT_ACTIVE_COMPILATION_CONDITIONS = DEBUG;
				SWIFT_OPTIMIZATION_LEVEL = "-Onone";
			};
			name = Debug;
		};
		6FF24D722629798B00530CE6 /* Release */ = {
			isa = XCBuildConfiguration;
			buildSettings = {
				ALWAYS_SEARCH_USER_PATHS = NO;
				CLANG_ANALYZER_NONNULL = YES;
				CLANG_ANALYZER_NUMBER_OBJECT_CONVERSION = YES_AGGRESSIVE;
				CLANG_CXX_LANGUAGE_STANDARD = "gnu++14";
				CLANG_CXX_LIBRARY = "libc++";
				CLANG_ENABLE_MODULES = YES;
				CLANG_ENABLE_OBJC_ARC = YES;
				CLANG_ENABLE_OBJC_WEAK = YES;
				CLANG_WARN_BLOCK_CAPTURE_AUTORELEASING = YES;
				CLANG_WARN_BOOL_CONVERSION = YES;
				CLANG_WARN_COMMA = YES;
				CLANG_WARN_CONSTANT_CONVERSION = YES;
				CLANG_WARN_DEPRECATED_OBJC_IMPLEMENTATIONS = YES;
				CLANG_WARN_DIRECT_OBJC_ISA_USAGE = YES_ERROR;
				CLANG_WARN_DOCUMENTATION_COMMENTS = YES;
				CLANG_WARN_EMPTY_BODY = YES;
				CLANG_WARN_ENUM_CONVERSION = YES;
				CLANG_WARN_INFINITE_RECURSION = YES;
				CLANG_WARN_INT_CONVERSION = YES;
				CLANG_WARN_NON_LITERAL_NULL_CONVERSION = YES;
				CLANG_WARN_OBJC_IMPLICIT_RETAIN_SELF = YES;
				CLANG_WARN_OBJC_LITERAL_CONVERSION = YES;
				CLANG_WARN_OBJC_ROOT_CLASS = YES_ERROR;
				CLANG_WARN_QUOTED_INCLUDE_IN_FRAMEWORK_HEADER = YES;
				CLANG_WARN_RANGE_LOOP_ANALYSIS = YES;
				CLANG_WARN_STRICT_PROTOTYPES = YES;
				CLANG_WARN_SUSPICIOUS_MOVE = YES;
				CLANG_WARN_UNGUARDED_AVAILABILITY = YES_AGGRESSIVE;
				CLANG_WARN_UNREACHABLE_CODE = YES;
				CLANG_WARN__DUPLICATE_METHOD_MATCH = YES;
				COPY_PHASE_STRIP = NO;
				DEBUG_INFORMATION_FORMAT = "dwarf-with-dsym";
				ENABLE_NS_ASSERTIONS = NO;
				ENABLE_STRICT_OBJC_MSGSEND = YES;
				GCC_C_LANGUAGE_STANDARD = gnu11;
				GCC_NO_COMMON_BLOCKS = YES;
				GCC_WARN_64_TO_32_BIT_CONVERSION = YES;
				GCC_WARN_ABOUT_RETURN_TYPE = YES_ERROR;
				GCC_WARN_UNDECLARED_SELECTOR = YES;
				GCC_WARN_UNINITIALIZED_AUTOS = YES_AGGRESSIVE;
				GCC_WARN_UNUSED_FUNCTION = YES;
				GCC_WARN_UNUSED_VARIABLE = YES;
				IPHONEOS_DEPLOYMENT_TARGET = 13.0;
				MTL_ENABLE_DEBUG_INFO = NO;
				MTL_FAST_MATH = YES;
				SDKROOT = iphoneos;
				SWIFT_COMPILATION_MODE = wholemodule;
				SWIFT_OPTIMIZATION_LEVEL = "-O";
				VALIDATE_PRODUCT = YES;
			};
			name = Release;
		};
		6FF24D742629798B00530CE6 /* Debug */ = {
			isa = XCBuildConfiguration;
			baseConfigurationReference = C421DDA0D5051FFF9EB2606C /* Pods-ApplePayBrainTree.debug.xcconfig */;
			buildSettings = {
				ASSETCATALOG_COMPILER_APPICON_NAME = AppIcon;
				ASSETCATALOG_COMPILER_GLOBAL_ACCENT_COLOR_NAME = AccentColor;
				CODE_SIGN_ENTITLEMENTS = ApplePayTest/ApplePayTest.entitlements;
				CODE_SIGN_IDENTITY = "iPhone Developer";
				CODE_SIGN_STYLE = Manual;
				DEVELOPMENT_TEAM = FXDS44YUM8;
				INFOPLIST_FILE = ApplePayTest/Info.plist;
				LD_RUNPATH_SEARCH_PATHS = (
					"$(inherited)",
					"@executable_path/Frameworks",
				);
				PRODUCT_BUNDLE_IDENTIFIER = "com.khitmah.mobile.app-test";
				PRODUCT_NAME = "$(TARGET_NAME)";
				PROVISIONING_PROFILE_SPECIFIER = "Khitmah-Dev-New";
				SWIFT_VERSION = 5.0;
				TARGETED_DEVICE_FAMILY = "1,2";
			};
			name = Debug;
		};
		6FF24D752629798B00530CE6 /* Release */ = {
			isa = XCBuildConfiguration;
			baseConfigurationReference = 1E6C6CE9C9AB1FB0E1DF1733 /* Pods-ApplePayBrainTree.release.xcconfig */;
			buildSettings = {
				ASSETCATALOG_COMPILER_APPICON_NAME = AppIcon;
				ASSETCATALOG_COMPILER_GLOBAL_ACCENT_COLOR_NAME = AccentColor;
				CODE_SIGN_ENTITLEMENTS = ApplePayTest/ApplePayTest.entitlements;
				CODE_SIGN_IDENTITY = "iPhone Developer";
				CODE_SIGN_STYLE = Manual;
				DEVELOPMENT_TEAM = FXDS44YUM8;
				INFOPLIST_FILE = ApplePayTest/Info.plist;
				LD_RUNPATH_SEARCH_PATHS = (
					"$(inherited)",
					"@executable_path/Frameworks",
				);
				PRODUCT_BUNDLE_IDENTIFIER = "com.khitmah.mobile.app-test";
				PRODUCT_NAME = "$(TARGET_NAME)";
				PROVISIONING_PROFILE_SPECIFIER = "Khitmah-Dev-New";
				SWIFT_VERSION = 5.0;
				TARGETED_DEVICE_FAMILY = "1,2";
			};
			name = Release;
		};
/* End XCBuildConfiguration section */

/* Begin XCConfigurationList section */
		6FF24D5A2629798900530CE6 /* Build configuration list for PBXProject "ApplePayBrainTree" */ = {
			isa = XCConfigurationList;
			buildConfigurations = (
				6FF24D712629798B00530CE6 /* Debug */,
				6FF24D722629798B00530CE6 /* Release */,
			);
			defaultConfigurationIsVisible = 0;
			defaultConfigurationName = Release;
		};
		6FF24D732629798B00530CE6 /* Build configuration list for PBXNativeTarget "ApplePayBrainTree" */ = {
			isa = XCConfigurationList;
			buildConfigurations = (
				6FF24D742629798B00530CE6 /* Debug */,
				6FF24D752629798B00530CE6 /* Release */,
			);
			defaultConfigurationIsVisible = 0;
			defaultConfigurationName = Release;
		};
/* End XCConfigurationList section */
	};
	rootObject = 6FF24D572629798900530CE6 /* Project object */;
}
